
Microsoft Visual Studio Solution File, Format Version 12.00
# Visual Studio Version 17
VisualStudioVersion = 17.4.33103.184
MinimumVisualStudioVersion = 10.0.40219.1
Project("{9A19103F-16F7-4668-BE54-9A1E7A4F7556}") = "Airports.WebApi", "Airports.WebApi\Airports.WebApi.csproj", "{6AF7B568-8F42-4590-8111-A7527C593E84}"
EndProject
Project("{9A19103F-16F7-4668-BE54-9A1E7A4F7556}") = "Airports.Application", "Airports.Application\Airports.Application.csproj", "{E0C67DC1-FBD0-4E6E-BA4C-55AB3591F42A}"
	ProjectSection(ProjectDependencies) = postProject
		{00D8F18A-C5DB-4AF6-90F4-2F1515B2BDF5} = {00D8F18A-C5DB-4AF6-90F4-2F1515B2BDF5}
	EndProjectSection
EndProject
Project("{9A19103F-16F7-4668-BE54-9A1E7A4F7556}") = "Airports.Infrastructure", "Airports.Infrastructure\Airports.Infrastructure.csproj", "{FEE18945-3E0C-479E-811B-7B93257C18CF}"
EndProject
Project("{9A19103F-16F7-4668-BE54-9A1E7A4F7556}") = "Airports.Domain", "Airports.Domain\Airports.Domain.csproj", "{5A84B5FB-8FE2-4736-8C4E-A290C61D1BBE}"
EndProject
Project("{2150E333-8FDC-42A3-9474-1A3956D46DE8}") = "src", "src", "{98CF41AD-FCF6-414E-9CB1-DE6078D9C48F}"
EndProject
Project("{2150E333-8FDC-42A3-9474-1A3956D46DE8}") = "Domain", "Domain", "{71CD4CC9-3218-4423-9307-A698F3303D4E}"
EndProject
Project("{2150E333-8FDC-42A3-9474-1A3956D46DE8}") = "Infrastructure", "Infrastructure", "{06450991-F554-4305-A095-B3773963123E}"
EndProject
Project("{2150E333-8FDC-42A3-9474-1A3956D46DE8}") = "Presentation", "Presentation", "{F1CC448B-9EED-466F-AEF9-9B780601DB68}"
EndProject
Project("{9A19103F-16F7-4668-BE54-9A1E7A4F7556}") = "Core", "src\Domain\Core\Core.csproj", "{00D8F18A-C5DB-4AF6-90F4-2F1515B2BDF5}"
EndProject
Project("{2150E333-8FDC-42A3-9474-1A3956D46DE8}") = "Application", "Application", "{D2D4E3BA-61FD-4578-BFD7-BD624CBCE0AE}"
EndProject
Global
	GlobalSection(SolutionConfigurationPlatforms) = preSolution
		Debug|Any CPU = Debug|Any CPU
		Release|Any CPU = Release|Any CPU
	EndGlobalSection
	GlobalSection(ProjectConfigurationPlatforms) = postSolution
		{6AF7B568-8F42-4590-8111-A7527C593E84}.Debug|Any CPU.ActiveCfg = Debug|Any CPU
		{6AF7B568-8F42-4590-8111-A7527C593E84}.Debug|Any CPU.Build.0 = Debug|Any CPU
		{6AF7B568-8F42-4590-8111-A7527C593E84}.Release|Any CPU.ActiveCfg = Release|Any CPU
		{6AF7B568-8F42-4590-8111-A7527C593E84}.Release|Any CPU.Build.0 = Release|Any CPU
		{E0C67DC1-FBD0-4E6E-BA4C-55AB3591F42A}.Debug|Any CPU.ActiveCfg = Debug|Any CPU
		{E0C67DC1-FBD0-4E6E-BA4C-55AB3591F42A}.Debug|Any CPU.Build.0 = Debug|Any CPU
		{E0C67DC1-FBD0-4E6E-BA4C-55AB3591F42A}.Release|Any CPU.ActiveCfg = Release|Any CPU
		{E0C67DC1-FBD0-4E6E-BA4C-55AB3591F42A}.Release|Any CPU.Build.0 = Release|Any CPU
		{FEE18945-3E0C-479E-811B-7B93257C18CF}.Debug|Any CPU.ActiveCfg = Debug|Any CPU
		{FEE18945-3E0C-479E-811B-7B93257C18CF}.Debug|Any CPU.Build.0 = Debug|Any CPU
		{FEE18945-3E0C-479E-811B-7B93257C18CF}.Release|Any CPU.ActiveCfg = Release|Any CPU
		{FEE18945-3E0C-479E-811B-7B93257C18CF}.Release|Any CPU.Build.0 = Release|Any CPU
		{5A84B5FB-8FE2-4736-8C4E-A290C61D1BBE}.Debug|Any CPU.ActiveCfg = Debug|Any CPU
		{5A84B5FB-8FE2-4736-8C4E-A290C61D1BBE}.Debug|Any CPU.Build.0 = Debug|Any CPU
		{5A84B5FB-8FE2-4736-8C4E-A290C61D1BBE}.Release|Any CPU.ActiveCfg = Release|Any CPU
		{5A84B5FB-8FE2-4736-8C4E-A290C61D1BBE}.Release|Any CPU.Build.0 = Release|Any CPU
		{00D8F18A-C5DB-4AF6-90F4-2F1515B2BDF5}.Debug|Any CPU.ActiveCfg = Debug|Any CPU
		{00D8F18A-C5DB-4AF6-90F4-2F1515B2BDF5}.Debug|Any CPU.Build.0 = Debug|Any CPU
		{00D8F18A-C5DB-4AF6-90F4-2F1515B2BDF5}.Release|Any CPU.ActiveCfg = Release|Any CPU
		{00D8F18A-C5DB-4AF6-90F4-2F1515B2BDF5}.Release|Any CPU.Build.0 = Release|Any CPU
	EndGlobalSection
	GlobalSection(SolutionProperties) = preSolution
		HideSolutionNode = FALSE
	EndGlobalSection
	GlobalSection(NestedProjects) = preSolution
		{6AF7B568-8F42-4590-8111-A7527C593E84} = {F1CC448B-9EED-466F-AEF9-9B780601DB68}
		{E0C67DC1-FBD0-4E6E-BA4C-55AB3591F42A} = {D2D4E3BA-61FD-4578-BFD7-BD624CBCE0AE}
		{FEE18945-3E0C-479E-811B-7B93257C18CF} = {06450991-F554-4305-A095-B3773963123E}
		{5A84B5FB-8FE2-4736-8C4E-A290C61D1BBE} = {71CD4CC9-3218-4423-9307-A698F3303D4E}
		{71CD4CC9-3218-4423-9307-A698F3303D4E} = {98CF41AD-FCF6-414E-9CB1-DE6078D9C48F}
		{06450991-F554-4305-A095-B3773963123E} = {98CF41AD-FCF6-414E-9CB1-DE6078D9C48F}
		{F1CC448B-9EED-466F-AEF9-9B780601DB68} = {98CF41AD-FCF6-414E-9CB1-DE6078D9C48F}
		{00D8F18A-C5DB-4AF6-90F4-2F1515B2BDF5} = {71CD4CC9-3218-4423-9307-A698F3303D4E}
		{D2D4E3BA-61FD-4578-BFD7-BD624CBCE0AE} = {98CF41AD-FCF6-414E-9CB1-DE6078D9C48F}
	EndGlobalSection
	GlobalSection(ExtensibilityGlobals) = postSolution
		SolutionGuid = {38C28B10-E52C-446E-A4C8-1BFE28B5EC79}
	EndGlobalSection
EndGlobal
